
Microsoft Visual Studio Solution File, Format Version 12.00
# Visual Studio 15
VisualStudioVersion = 15.0.28307.136
MinimumVisualStudioVersion = 10.0.40219.1
Project("{FAE04EC0-301F-11D3-BF4B-00C04F79EFBC}") = "Hanoi", "Hanoi\Hanoi.csproj", "{03F93185-5274-4110-8AA6-EC9FBA4C6BBF}"
EndProject
Global
	GlobalSection(SolutionConfigurationPlatforms) = preSolution
		Debug|Any CPU = Debug|Any CPU
		Release|Any CPU = Release|Any CPU
	EndGlobalSection
	GlobalSection(ProjectConfigurationPlatforms) = postSolution
		{03F93185-5274-4110-8AA6-EC9FBA4C6BBF}.Debug|Any CPU.ActiveCfg = Debug|Any CPU
		{03F93185-5274-4110-8AA6-EC9FBA4C6BBF}.Debug|Any CPU.Build.0 = Debug|Any CPU
		{03F93185-5274-4110-8AA6-EC9FBA4C6BBF}.Release|Any CPU.ActiveCfg = Release|Any CPU
		{03F93185-5274-4110-8AA6-EC9FBA4C6BBF}.Release|Any CPU.Build.0 = Release|Any CPU
	EndGlobalSection
	GlobalSection(SolutionProperties) = preSolution
		HideSolutionNode = FALSE
	EndGlobalSection
	GlobalSection(ExtensibilityGlobals) = postSolution
		SolutionGuid = {18AB2C5A-7F86-42B0-85FD-C99951779431}
	EndGlobalSection
EndGlobal
